
Microsoft Visual Studio Solution File, Format Version 12.00
# Visual Studio 15
VisualStudioVersion = 15.0.28307.1209
MinimumVisualStudioVersion = 10.0.40219.1
Project("{8BC9CEB8-8B4A-11D0-8D11-00A0C91BC942}") = "Lab2", "Lab2\Lab2.vcxproj", "{98E3A1BE-B433-4653-B915-2BB6F1A1D918}"
EndProject
Global
	GlobalSection(SolutionConfigurationPlatforms) = preSolution
		Debug|x64 = Debug|x64
		Debug|x86 = Debug|x86
		Release|x64 = Release|x64
		Release|x86 = Release|x86
	EndGlobalSection
	GlobalSection(ProjectConfigurationPlatforms) = postSolution
		{98E3A1BE-B433-4653-B915-2BB6F1A1D918}.Debug|x64.ActiveCfg = Debug|x64
		{98E3A1BE-B433-4653-B915-2BB6F1A1D918}.Debug|x64.Build.0 = Debug|x64
		{98E3A1BE-B433-4653-B915-2BB6F1A1D918}.Debug|x86.ActiveCfg = Debug|Win32
		{98E3A1BE-B433-4653-B915-2BB6F1A1D918}.Debug|x86.Build.0 = Debug|Win32
		{98E3A1BE-B433-4653-B915-2BB6F1A1D918}.Release|x64.ActiveCfg = Release|x64
		{98E3A1BE-B433-4653-B915-2BB6F1A1D918}.Release|x64.Build.0 = Release|x64
		{98E3A1BE-B433-4653-B915-2BB6F1A1D918}.Release|x86.ActiveCfg = Release|Win32
		{98E3A1BE-B433-4653-B915-2BB6F1A1D918}.Release|x86.Build.0 = Release|Win32
	EndGlobalSection
	GlobalSection(SolutionProperties) = preSolution
		HideSolutionNode = FALSE
	EndGlobalSection
	GlobalSection(ExtensibilityGlobals) = postSolution
		SolutionGuid = {E996CCD6-6FBA-49C6-8DDC-92042EA10196}
	EndGlobalSection
EndGlobal
